// !$*UTF8*$!
{
	archiveVersion = 1;
	classes = {
	};
	objectVersion = 48;
	objects = {

/* Begin PBXBuildFile section */
		7098EF7A200B404C005C4990 /* AppDelegate.swift in Sources */ = {isa = PBXBuildFile; fileRef = 7098EF79200B404C005C4990 /* AppDelegate.swift */; };
		7098EF7C200B404C005C4990 /* ViewController.swift in Sources */ = {isa = PBXBuildFile; fileRef = 7098EF7B200B404C005C4990 /* ViewController.swift */; };
		7098EF7F200B404C005C4990 /* Main.storyboard in Resources */ = {isa = PBXBuildFile; fileRef = 7098EF7D200B404C005C4990 /* Main.storyboard */; };
		7098EF81200B404C005C4990 /* Assets.xcassets in Resources */ = {isa = PBXBuildFile; fileRef = 7098EF80200B404C005C4990 /* Assets.xcassets */; };
		7098EF84200B404C005C4990 /* LaunchScreen.storyboard in Resources */ = {isa = PBXBuildFile; fileRef = 7098EF82200B404C005C4990 /* LaunchScreen.storyboard */; };
		7098EF8C200B405C005C4990 /* ringView.swift in Sources */ = {isa = PBXBuildFile; fileRef = 7098EF8B200B405C005C4990 /* ringView.swift */; };
/* End PBXBuildFile section */

/* Begin PBXFileReference section */
		7098EF76200B404C005C4990 /* ringDemo.app */ = {isa = PBXFileReference; explicitFileType = wrapper.application; includeInIndex = 0; path = ringDemo.app; sourceTree = BUILT_PRODUCTS_DIR; };
		7098EF79200B404C005C4990 /* AppDelegate.swift */ = {isa = PBXFileReference; lastKnownFileType = sourcecode.swift; path = AppDelegate.swift; sourceTree = "<group>"; };
		7098EF7B200B404C005C4990 /* ViewController.swift */ = {isa = PBXFileReference; lastKnownFileType = sourcecode.swift; path = ViewController.swift; sourceTree = "<group>"; };
		7098EF7E200B404C005C4990 /* Base */ = {isa = PBXFileReference; lastKnownFileType = file.storyboard; name = Base; path = Base.lproj/Main.storyboard; sourceTree = "<group>"; };
		7098EF80200B404C005C4990 /* Assets.xcassets */ = {isa = PBXFileReference; lastKnownFileType = folder.assetcatalog; path = Assets.xcassets; sourceTree = "<group>"; };
		7098EF83200B404C005C4990 /* Base */ = {isa = PBXFileReference; lastKnownFileType = file.storyboard; name = Base; path = Base.lproj/LaunchScreen.storyboard; sourceTree = "<group>"; };
		7098EF85200B404C005C4990 /* Info.plist */ = {isa = PBXFileReference; lastKnownFileType = text.plist.xml; path = Info.plist; sourceTree = "<group>"; };
		7098EF8B200B405C005C4990 /* ringView.swift */ = {isa = PBXFileReference; fileEncoding = 4; lastKnownFileType = sourcecode.swift; path = ringView.swift; sourceTree = "<group>"; };
/* End PBXFileReference section */

/* Begin PBXFrameworksBuildPhase section */
		7098EF73200B404C005C4990 /* Frameworks */ = {
			isa = PBXFrameworksBuildPhase;
			buildActionMask = 2147483647;
			files = (
			);
			runOnlyForDeploymentPostprocessing = 0;
		};
/* End PBXFrameworksBuildPhase section */

/* Begin PBXGroup section */
		7098EF6D200B404C005C4990 = {
			isa = PBXGroup;
			children = (
				7098EF78200B404C005C4990 /* ringDemo */,
				7098EF77200B404C005C4990 /* Products */,
			);
			sourceTree = "<group>";
		};
		7098EF77200B404C005C4990 /* Products */ = {
			isa = PBXGroup;
			children = (
				7098EF76200B404C005C4990 /* ringDemo.app */,
			);
			name = Products;
			sourceTree = "<group>";
		};
		7098EF78200B404C005C4990 /* ringDemo */ = {
			isa = PBXGroup;
			children = (
				7098EF79200B404C005C4990 /* AppDelegate.swift */,
				7098EF8B200B405C005C4990 /* ringView.swift */,
				7098EF7B200B404C005C4990 /* ViewController.swift */,
				7098EF7D200B404C005C4990 /* Main.storyboard */,
				7098EF80200B404C005C4990 /* Assets.xcassets */,
				7098EF82200B404C005C4990 /* LaunchScreen.storyboard */,
				7098EF85200B404C005C4990 /* Info.plist */,
			);
			path = ringDemo;
			sourceTree = "<group>";
		};
/* End PBXGroup section */

/* Begin PBXNativeTarget section */
		7098EF75200B404C005C4990 /* ringDemo */ = {
			isa = PBXNativeTarget;
			buildConfigurationList = 7098EF88200B404C005C4990 /* Build configuration list for PBXNativeTarget "ringDemo" */;
			buildPhases = (
				7098EF72200B404C005C4990 /* Sources */,
				7098EF73200B404C005C4990 /* Frameworks */,
				7098EF74200B404C005C4990 /* Resources */,
			);
			buildRules = (
			);
			dependencies = (
			);
			name = ringDemo;
			productName = ringDemo;
			productReference = 7098EF76200B404C005C4990 /* ringDemo.app */;
			productType = "com.apple.product-type.application";
		};
/* End PBXNativeTarget section */

/* Begin PBXProject section */
		7098EF6E200B404C005C4990 /* Project object */ = {
			isa = PBXProject;
			attributes = {
				LastSwiftUpdateCheck = 0910;
				LastUpgradeCheck = 0910;
				ORGANIZATIONNAME = com.najeeb;
				TargetAttributes = {
					7098EF75200B404C005C4990 = {
						CreatedOnToolsVersion = 9.1;
						ProvisioningStyle = Automatic;
					};
				};
			};
			buildConfigurationList = 7098EF71200B404C005C4990 /* Build configuration list for PBXProject "ringDemo" */;
			compatibilityVersion = "Xcode 8.0";
			developmentRegion = en;
			hasScannedForEncodings = 0;
			knownRegions = (
				en,
				Base,
			);
			mainGroup = 7098EF6D200B404C005C4990;
			productRefGroup = 7098EF77200B404C005C4990 /* Products */;
			projectDirPath = "";
			projectRoot = "";
			targets = (
				7098EF75200B404C005C4990 /* ringDemo */,
			);
		};
/* End PBXProject section */

/* Begin PBXResourcesBuildPhase section */
		7098EF74200B404C005C4990 /* Resources */ = {
			isa = PBXResourcesBuildPhase;
			buildActionMask = 2147483647;
			files = (
				7098EF84200B404C005C4990 /* LaunchScreen.storyboard in Resources */,
				7098EF81200B404C005C4990 /* Assets.xcassets in Resources */,
				7098EF7F200B404C005C4990 /* Main.storyboard in Resources */,
			);
			runOnlyForDeploymentPostprocessing = 0;
		};
/* End PBXResourcesBuildPhase section */

/* Begin PBXSourcesBuildPhase section */
		7098EF72200B404C005C4990 /* Sources */ = {
			isa = PBXSourcesBuildPhase;
			buildActionMask = 2147483647;
			files = (
				7098EF7C200B404C005C4990 /* ViewController.swift in Sources */,
				7098EF7A200B404C005C4990 /* AppDelegate.swift in Sources */,
				7098EF8C200B405C005C4990 /* ringView.swift in Sources */,
			);
			runOnlyForDeploymentPostprocessing = 0;
		};
/* End PBXSourcesBuildPhase section */

/* Begin PBXVariantGroup section */
		7098EF7D200B404C005C4990 /* Main.storyboard */ = {
			isa = PBXVariantGroup;
			children = (
				7098EF7E200B404C005C4990 /* Base */,
			);
			name = Main.storyboard;
			sourceTree = "<group>";
		};
		7098EF82200B404C005C4990 /* LaunchScreen.storyboard */ = {
			isa = PBXVariantGroup;
			children = (
				7098EF83200B404C005C4990 /* Base */,
			);
			name = LaunchScreen.storyboard;
			sourceTree = "<group>";
		};
/* End PBXVariantGroup section */

/* Begin XCBuildConfiguration section */
		7098EF86200B404C005C4990 /* Debug */ = {
			isa = XCBuildConfiguration;
			buildSettings = {
				ALWAYS_SEARCH_USER_PATHS = NO;
				CLANG_ANALYZER_NONNULL = YES;
				CLANG_ANALYZER_NUMBER_OBJECT_CONVERSION = YES_AGGRESSIVE;
				CLANG_CXX_LANGUAGE_STANDARD = "gnu++14";
				CLANG_CXX_LIBRARY = "libc++";
				CLANG_ENABLE_MODULES = YES;
				CLANG_ENABLE_OBJC_ARC = YES;
				CLANG_WARN_BLOCK_CAPTURE_AUTORELEASING = YES;
				CLANG_WARN_BOOL_CONVERSION = YES;
				CLANG_WARN_COMMA = YES;
				CLANG_WARN_CONSTANT_CONVERSION = YES;
				CLANG_WARN_DIRECT_OBJC_ISA_USAGE = YES_ERROR;
				CLANG_WARN_DOCUMENTATION_COMMENTS = YES;
				CLANG_WARN_EMPTY_BODY = YES;
				CLANG_WARN_ENUM_CONVERSION = YES;
				CLANG_WARN_INFINITE_RECURSION = YES;
				CLANG_WARN_INT_CONVERSION = YES;
				CLANG_WARN_NON_LITERAL_NULL_CONVERSION = YES;
				CLANG_WARN_OBJC_LITERAL_CONVERSION = YES;
				CLANG_WARN_OBJC_ROOT_CLASS = YES_ERROR;
				CLANG_WARN_RANGE_LOOP_ANALYSIS = YES;
				CLANG_WARN_STRICT_PROTOTYPES = YES;
				CLANG_WARN_SUSPICIOUS_MOVE = YES;
				CLANG_WARN_UNGUARDED_AVAILABILITY = YES_AGGRESSIVE;
				CLANG_WARN_UNREACHABLE_CODE = YES;
				CLANG_WARN__DUPLICATE_METHOD_MATCH = YES;
				CODE_SIGN_IDENTITY = "iPhone Developer";
				COPY_PHASE_STRIP = NO;
				DEBUG_INFORMATION_FORMAT = dwarf;
				ENABLE_STRICT_OBJC_MSGSEND = YES;
				ENABLE_TESTABILITY = YES;
				GCC_C_LANGUAGE_STANDARD = gnu11;
				GCC_DYNAMIC_NO_PIC = NO;
				GCC_NO_COMMON_BLOCKS = YES;
				GCC_OPTIMIZATION_LEVEL = 0;
				GCC_PREPROCESSOR_DEFINITIONS = (
					"DEBUG=1",
					"$(inherited)",
				);
				GCC_WARN_64_TO_32_BIT_CONVERSION = YES;
				GCC_WARN_ABOUT_RETURN_TYPE = YES_ERROR;
				GCC_WARN_UNDECLARED_SELECTOR = YES;
				GCC_WARN_UNINITIALIZED_AUTOS = YES_AGGRESSIVE;
				GCC_WARN_UNUSED_FUNCTION = YES;
				GCC_WARN_UNUSED_VARIABLE = YES;
				IPHONEOS_DEPLOYMENT_TARGET = 11.1;
				MTL_ENABLE_DEBUG_INFO = YES;
				ONLY_ACTIVE_ARCH = YES;
				SDKROOT = iphoneos;
				SWIFT_ACTIVE_COMPILATION_CONDITIONS = DEBUG;
				SWIFT_OPTIMIZATION_LEVEL = "-Onone";
			};
			name = Debug;
		};
		7098EF87200B404C005C4990 /* Release */ = {
			isa = XCBuildConfiguration;
			buildSettings = {
				ALWAYS_SEARCH_USER_PATHS = NO;
				CLANG_ANALYZER_NONNULL = YES;
				CLANG_ANALYZER_NUMBER_OBJECT_CONVERSION = YES_AGGRESSIVE;
				CLANG_CXX_LANGUAGE_STANDARD = "gnu++14";
				CLANG_CXX_LIBRARY = "libc++";
				CLANG_ENABLE_MODULES = YES;
				CLANG_ENABLE_OBJC_ARC = YES;
				CLANG_WARN_BLOCK_CAPTURE_AUTORELEASING = YES;
				CLANG_WARN_BOOL_CONVERSION = YES;
				CLANG_WARN_COMMA = YES;
				CLANG_WARN_CONSTANT_CONVERSION = YES;
				CLANG_WARN_DIRECT_OBJC_ISA_USAGE = YES_ERROR;
				CLANG_WARN_DOCUMENTATION_COMMENTS = YES;
				CLANG_WARN_EMPTY_BODY = YES;
				CLANG_WARN_ENUM_CONVERSION = YES;
				CLANG_WARN_INFINITE_RECURSION = YES;
				CLANG_WARN_INT_CONVERSION = YES;
				CLANG_WARN_NON_LITERAL_NULL_CONVERSION = YES;
				CLANG_WARN_OBJC_LITERAL_CONVERSION = YES;
				CLANG_WARN_OBJC_ROOT_CLASS = YES_ERROR;
				CLANG_WARN_RANGE_LOOP_ANALYSIS = YES;
				CLANG_WARN_STRICT_PROTOTYPES = YES;
				CLANG_WARN_SUSPICIOUS_MOVE = YES;
				CLANG_WARN_UNGUARDED_AVAILABILITY = YES_AGGRESSIVE;
				CLANG_WARN_UNREACHABLE_CODE = YES;
				CLANG_WARN__DUPLICATE_METHOD_MATCH = YES;
				CODE_SIGN_IDENTITY = "iPhone Developer";
				COPY_PHASE_STRIP = NO;
				DEBUG_INFORMATION_FORMAT = "dwarf-with-dsym";
				ENABLE_NS_ASSERTIONS = NO;
				ENABLE_STRICT_OBJC_MSGSEND = YES;
				GCC_C_LANGUAGE_STANDARD = gnu11;
				GCC_NO_COMMON_BLOCKS = YES;
				GCC_WARN_64_TO_32_BIT_CONVERSION = YES;
				GCC_WARN_ABOUT_RETURN_TYPE = YES_ERROR;
				GCC_WARN_UNDECLARED_SELECTOR = YES;
				GCC_WARN_UNINITIALIZED_AUTOS = YES_AGGRESSIVE;
				GCC_WARN_UNUSED_FUNCTION = YES;
				GCC_WARN_UNUSED_VARIABLE = YES;
				IPHONEOS_DEPLOYMENT_TARGET = 11.1;
				MTL_ENABLE_DEBUG_INFO = NO;
				SDKROOT = iphoneos;
				SWIFT_OPTIMIZATION_LEVEL = "-Owholemodule";
				VALIDATE_PRODUCT = YES;
			};
			name = Release;
		};
		7098EF89200B404C005C4990 /* Debug */ = {
			isa = XCBuildConfiguration;
			buildSettings = {
				ASSETCATALOG_COMPILER_APPICON_NAME = AppIcon;
				CODE_SIGN_STYLE = Automatic;
				INFOPLIST_FILE = ringDemo/Info.plist;
				LD_RUNPATH_SEARCH_PATHS = "$(inherited) @executable_path/Frameworks";
				PRODUCT_BUNDLE_IDENTIFIER = dev.ringDemo;
				PRODUCT_NAME = "$(TARGET_NAME)";
				SWIFT_VERSION = 4.0;
				TARGETED_DEVICE_FAMILY = "1,2";
			};
			name = Debug;
		};
		7098EF8A200B404C005C4990 /* Release */ = {
			isa = XCBuildConfiguration;
			buildSettings = {
				ASSETCATALOG_COMPILER_APPICON_NAME = AppIcon;
				CODE_SIGN_STYLE = Automatic;
				INFOPLIST_FILE = ringDemo/Info.plist;
				LD_RUNPATH_SEARCH_PATHS = "$(inherited) @executable_path/Frameworks";
				PRODUCT_BUNDLE_IDENTIFIER = dev.ringDemo;
				PRODUCT_NAME = "$(TARGET_NAME)";
				SWIFT_VERSION = 4.0;
				TARGETED_DEVICE_FAMILY = "1,2";
			};
			name = Release;
		};
/* End XCBuildConfiguration section */

/* Begin XCConfigurationList section */
		7098EF71200B404C005C4990 /* Build configuration list for PBXProject "ringDemo" */ = {
			isa = XCConfigurationList;
			buildConfigurations = (
				7098EF86200B404C005C4990 /* Debug */,
				7098EF87200B404C005C4990 /* Release */,
			);
			defaultConfigurationIsVisible = 0;
			defaultConfigurationName = Release;
		};
		7098EF88200B404C005C4990 /* Build configuration list for PBXNativeTarget "ringDemo" */ = {
			isa = XCConfigurationList;
			buildConfigurations = (
				7098EF89200B404C005C4990 /* Debug */,
				7098EF8A200B404C005C4990 /* Release */,
			);
			defaultConfigurationIsVisible = 0;
			defaultConfigurationName = Release;
		};
/* End XCConfigurationList section */
	};
	rootObject = 7098EF6E200B404C005C4990 /* Project object */;
}
